
Microsoft Visual Studio Solution File, Format Version 12.00
# Visual Studio 2015
Project("{FAE04EC0-301F-11D3-BF4B-00C04F79EFBC}") = "GGJ16.CSharp.Plugins", "GGJ16.CSharp.Plugins.csproj", "{9A146C76-8600-50CB-A042-8D3386B4F2C2}"
EndProject
Project("{FAE04EC0-301F-11D3-BF4B-00C04F79EFBC}") = "GGJ16.CSharp", "GGJ16.CSharp.csproj", "{7D4FCDE5-76CE-C157-9BE7-EC3996031D47}"
EndProject
Project("{FAE04EC0-301F-11D3-BF4B-00C04F79EFBC}") = "GGJ16.CSharp.Editor", "GGJ16.CSharp.Editor.csproj", "{B121E080-D313-2C1D-7FB3-A90F62B1E831}"
EndProject
Global
	GlobalSection(SolutionConfigurationPlatforms) = preSolution
		Debug|Any CPU = Debug|Any CPU
		Release|Any CPU = Release|Any CPU
	EndGlobalSection
	GlobalSection(ProjectConfigurationPlatforms) = postSolution
		{9A146C76-8600-50CB-A042-8D3386B4F2C2}.Debug|Any CPU.ActiveCfg = Debug|Any CPU
		{9A146C76-8600-50CB-A042-8D3386B4F2C2}.Debug|Any CPU.Build.0 = Debug|Any CPU
		{9A146C76-8600-50CB-A042-8D3386B4F2C2}.Release|Any CPU.ActiveCfg = Release|Any CPU
		{9A146C76-8600-50CB-A042-8D3386B4F2C2}.Release|Any CPU.Build.0 = Release|Any CPU
		{7D4FCDE5-76CE-C157-9BE7-EC3996031D47}.Debug|Any CPU.ActiveCfg = Debug|Any CPU
		{7D4FCDE5-76CE-C157-9BE7-EC3996031D47}.Debug|Any CPU.Build.0 = Debug|Any CPU
		{7D4FCDE5-76CE-C157-9BE7-EC3996031D47}.Release|Any CPU.ActiveCfg = Release|Any CPU
		{7D4FCDE5-76CE-C157-9BE7-EC3996031D47}.Release|Any CPU.Build.0 = Release|Any CPU
		{B121E080-D313-2C1D-7FB3-A90F62B1E831}.Debug|Any CPU.ActiveCfg = Debug|Any CPU
		{B121E080-D313-2C1D-7FB3-A90F62B1E831}.Debug|Any CPU.Build.0 = Debug|Any CPU
		{B121E080-D313-2C1D-7FB3-A90F62B1E831}.Release|Any CPU.ActiveCfg = Release|Any CPU
		{B121E080-D313-2C1D-7FB3-A90F62B1E831}.Release|Any CPU.Build.0 = Release|Any CPU
	EndGlobalSection
	GlobalSection(SolutionProperties) = preSolution
		HideSolutionNode = FALSE
	EndGlobalSection
EndGlobal
