
Microsoft Visual Studio Solution File, Format Version 12.00
# Visual Studio 2015
Project("{FAE04EC0-301F-11D3-BF4B-00C04F79EFBC}") = "GGJ16.Plugins", "GGJ16.Plugins.csproj", "{88081007-FD2F-BAC3-8BA6-A4D03358D073}"
EndProject
Project("{FAE04EC0-301F-11D3-BF4B-00C04F79EFBC}") = "GGJ16", "GGJ16.csproj", "{B5D1B138-B5D0-6E4A-3376-C5C4E6245BD3}"
EndProject
Project("{FAE04EC0-301F-11D3-BF4B-00C04F79EFBC}") = "GGJ16.Editor", "GGJ16.Editor.csproj", "{3B5832BE-83AA-E8AE-7DAC-74B5131D3FDA}"
EndProject
Global
	GlobalSection(SolutionConfigurationPlatforms) = preSolution
		Debug|Any CPU = Debug|Any CPU
		Release|Any CPU = Release|Any CPU
	EndGlobalSection
	GlobalSection(ProjectConfigurationPlatforms) = postSolution
		{88081007-FD2F-BAC3-8BA6-A4D03358D073}.Debug|Any CPU.ActiveCfg = Debug|Any CPU
		{88081007-FD2F-BAC3-8BA6-A4D03358D073}.Debug|Any CPU.Build.0 = Debug|Any CPU
		{88081007-FD2F-BAC3-8BA6-A4D03358D073}.Release|Any CPU.ActiveCfg = Release|Any CPU
		{88081007-FD2F-BAC3-8BA6-A4D03358D073}.Release|Any CPU.Build.0 = Release|Any CPU
		{B5D1B138-B5D0-6E4A-3376-C5C4E6245BD3}.Debug|Any CPU.ActiveCfg = Debug|Any CPU
		{B5D1B138-B5D0-6E4A-3376-C5C4E6245BD3}.Debug|Any CPU.Build.0 = Debug|Any CPU
		{B5D1B138-B5D0-6E4A-3376-C5C4E6245BD3}.Release|Any CPU.ActiveCfg = Release|Any CPU
		{B5D1B138-B5D0-6E4A-3376-C5C4E6245BD3}.Release|Any CPU.Build.0 = Release|Any CPU
		{3B5832BE-83AA-E8AE-7DAC-74B5131D3FDA}.Debug|Any CPU.ActiveCfg = Debug|Any CPU
		{3B5832BE-83AA-E8AE-7DAC-74B5131D3FDA}.Debug|Any CPU.Build.0 = Debug|Any CPU
		{3B5832BE-83AA-E8AE-7DAC-74B5131D3FDA}.Release|Any CPU.ActiveCfg = Release|Any CPU
		{3B5832BE-83AA-E8AE-7DAC-74B5131D3FDA}.Release|Any CPU.Build.0 = Release|Any CPU
	EndGlobalSection
	GlobalSection(SolutionProperties) = preSolution
		HideSolutionNode = FALSE
	EndGlobalSection
EndGlobal
